// !$*UTF8*$!
{
	archiveVersion = 1;
	classes = {
	};
	objectVersion = 55;
	objects = {

/* Begin PBXBuildFile section */
		9258C4EA28A090030089A229 /* AppDelegate.swift in Sources */ = {isa = PBXBuildFile; fileRef = 9258C4E928A090030089A229 /* AppDelegate.swift */; };
		9258C4EC28A090030089A229 /* SceneDelegate.swift in Sources */ = {isa = PBXBuildFile; fileRef = 9258C4EB28A090030089A229 /* SceneDelegate.swift */; };
		9258C4EE28A090030089A229 /* ViewController.swift in Sources */ = {isa = PBXBuildFile; fileRef = 9258C4ED28A090030089A229 /* ViewController.swift */; };
		9258C4F128A090030089A229 /* Main.storyboard in Resources */ = {isa = PBXBuildFile; fileRef = 9258C4EF28A090030089A229 /* Main.storyboard */; };
		9258C4F328A090040089A229 /* Assets.xcassets in Resources */ = {isa = PBXBuildFile; fileRef = 9258C4F228A090040089A229 /* Assets.xcassets */; };
		9258C4F628A090040089A229 /* LaunchScreen.storyboard in Resources */ = {isa = PBXBuildFile; fileRef = 9258C4F428A090040089A229 /* LaunchScreen.storyboard */; };
		9258C4FF28A0901A0089A229 /* Alamofire in Frameworks */ = {isa = PBXBuildFile; productRef = 9258C4FE28A0901A0089A229 /* Alamofire */; };
		9258C50228A090270089A229 /* Kingfisher in Frameworks */ = {isa = PBXBuildFile; productRef = 9258C50128A090270089A229 /* Kingfisher */; };
		9258C50528A090330089A229 /* SwiftyJSON in Frameworks */ = {isa = PBXBuildFile; productRef = 9258C50428A090330089A229 /* SwiftyJSON */; };
		9258C50828A091180089A229 /* APIKey.swift in Sources */ = {isa = PBXBuildFile; fileRef = 9258C50728A091180089A229 /* APIKey.swift */; };
		9258C50B28A094A50089A229 /* Endpoint.swift in Sources */ = {isa = PBXBuildFile; fileRef = 9258C50A28A094A50089A229 /* Endpoint.swift */; };
		9258C50D28A095110089A229 /* URL+Extension.swift in Sources */ = {isa = PBXBuildFile; fileRef = 9258C50C28A095110089A229 /* URL+Extension.swift */; };
		9258C50F28A0A7CD0089A229 /* KakaoAPIManager.swift in Sources */ = {isa = PBXBuildFile; fileRef = 9258C50E28A0A7CD0089A229 /* KakaoAPIManager.swift */; };
		9258C51128A0AC8E0089A229 /* ClosureViewController.swift in Sources */ = {isa = PBXBuildFile; fileRef = 9258C51028A0AC8E0089A229 /* ClosureViewController.swift */; };
		9258C51428A1E0360089A229 /* CustomButton.swift in Sources */ = {isa = PBXBuildFile; fileRef = 9258C51328A1E0360089A229 /* CustomButton.swift */; };
		9258C51628A1E6030089A229 /* CustomView.xib in Resources */ = {isa = PBXBuildFile; fileRef = 9258C51528A1E6030089A229 /* CustomView.xib */; };
		9258C51828A1E6430089A229 /* CustomView.swift in Sources */ = {isa = PBXBuildFile; fileRef = 9258C51728A1E6430089A229 /* CustomView.swift */; };
		9258C51B28A1F39C0089A229 /* CustomCollectionViewCell.swift in Sources */ = {isa = PBXBuildFile; fileRef = 9258C51928A1F39C0089A229 /* CustomCollectionViewCell.swift */; };
		9258C51C28A1F39C0089A229 /* CustomCollectionViewCell.xib in Resources */ = {isa = PBXBuildFile; fileRef = 9258C51A28A1F39C0089A229 /* CustomCollectionViewCell.xib */; };
		9258C51E28A1F64E0089A229 /* MainViewController.swift in Sources */ = {isa = PBXBuildFile; fileRef = 9258C51D28A1F64E0089A229 /* MainViewController.swift */; };
		9258C52028A1FC2B0089A229 /* MainTableViewCell.swift in Sources */ = {isa = PBXBuildFile; fileRef = 9258C51F28A1FC2B0089A229 /* MainTableViewCell.swift */; };
		9270A26B28A34393009A45CD /* Protocol.swift in Sources */ = {isa = PBXBuildFile; fileRef = 9270A26A28A34393009A45CD /* Protocol.swift */; };
		9270A26E28A343E4009A45CD /* TMDBAPIManager.swift in Sources */ = {isa = PBXBuildFile; fileRef = 9270A26D28A343E4009A45CD /* TMDBAPIManager.swift */; };
		9270A27228A493A7009A45CD /* MapViewController.swift in Sources */ = {isa = PBXBuildFile; fileRef = 9270A27128A493A7009A45CD /* MapViewController.swift */; };
/* End PBXBuildFile section */

/* Begin PBXFileReference section */
		9258C4E628A090030089A229 /* SeSACWeek6.app */ = {isa = PBXFileReference; explicitFileType = wrapper.application; includeInIndex = 0; path = SeSACWeek6.app; sourceTree = BUILT_PRODUCTS_DIR; };
		9258C4E928A090030089A229 /* AppDelegate.swift */ = {isa = PBXFileReference; lastKnownFileType = sourcecode.swift; path = AppDelegate.swift; sourceTree = "<group>"; };
		9258C4EB28A090030089A229 /* SceneDelegate.swift */ = {isa = PBXFileReference; lastKnownFileType = sourcecode.swift; path = SceneDelegate.swift; sourceTree = "<group>"; };
		9258C4ED28A090030089A229 /* ViewController.swift */ = {isa = PBXFileReference; lastKnownFileType = sourcecode.swift; path = ViewController.swift; sourceTree = "<group>"; };
		9258C4F028A090030089A229 /* Base */ = {isa = PBXFileReference; lastKnownFileType = file.storyboard; name = Base; path = Base.lproj/Main.storyboard; sourceTree = "<group>"; };
		9258C4F228A090040089A229 /* Assets.xcassets */ = {isa = PBXFileReference; lastKnownFileType = folder.assetcatalog; path = Assets.xcassets; sourceTree = "<group>"; };
		9258C4F528A090040089A229 /* Base */ = {isa = PBXFileReference; lastKnownFileType = file.storyboard; name = Base; path = Base.lproj/LaunchScreen.storyboard; sourceTree = "<group>"; };
		9258C4F728A090040089A229 /* Info.plist */ = {isa = PBXFileReference; lastKnownFileType = text.plist.xml; path = Info.plist; sourceTree = "<group>"; };
		9258C50628A090E20089A229 /* .gitignore.md */ = {isa = PBXFileReference; lastKnownFileType = net.daringfireball.markdown; path = .gitignore.md; sourceTree = "<group>"; };
		9258C50728A091180089A229 /* APIKey.swift */ = {isa = PBXFileReference; lastKnownFileType = sourcecode.swift; path = APIKey.swift; sourceTree = "<group>"; };
		9258C50A28A094A50089A229 /* Endpoint.swift */ = {isa = PBXFileReference; lastKnownFileType = sourcecode.swift; path = Endpoint.swift; sourceTree = "<group>"; };
		9258C50C28A095110089A229 /* URL+Extension.swift */ = {isa = PBXFileReference; lastKnownFileType = sourcecode.swift; path = "URL+Extension.swift"; sourceTree = "<group>"; };
		9258C50E28A0A7CD0089A229 /* KakaoAPIManager.swift */ = {isa = PBXFileReference; lastKnownFileType = sourcecode.swift; path = KakaoAPIManager.swift; sourceTree = "<group>"; };
		9258C51028A0AC8E0089A229 /* ClosureViewController.swift */ = {isa = PBXFileReference; lastKnownFileType = sourcecode.swift; path = ClosureViewController.swift; sourceTree = "<group>"; };
		9258C51328A1E0360089A229 /* CustomButton.swift */ = {isa = PBXFileReference; lastKnownFileType = sourcecode.swift; path = CustomButton.swift; sourceTree = "<group>"; };
		9258C51528A1E6030089A229 /* CustomView.xib */ = {isa = PBXFileReference; lastKnownFileType = file.xib; path = CustomView.xib; sourceTree = "<group>"; };
		9258C51728A1E6430089A229 /* CustomView.swift */ = {isa = PBXFileReference; lastKnownFileType = sourcecode.swift; path = CustomView.swift; sourceTree = "<group>"; };
		9258C51928A1F39C0089A229 /* CustomCollectionViewCell.swift */ = {isa = PBXFileReference; lastKnownFileType = sourcecode.swift; path = CustomCollectionViewCell.swift; sourceTree = "<group>"; };
		9258C51A28A1F39C0089A229 /* CustomCollectionViewCell.xib */ = {isa = PBXFileReference; lastKnownFileType = file.xib; path = CustomCollectionViewCell.xib; sourceTree = "<group>"; };
		9258C51D28A1F64E0089A229 /* MainViewController.swift */ = {isa = PBXFileReference; lastKnownFileType = sourcecode.swift; name = MainViewController.swift; path = View/MainViewController.swift; sourceTree = "<group>"; };
		9258C51F28A1FC2B0089A229 /* MainTableViewCell.swift */ = {isa = PBXFileReference; lastKnownFileType = sourcecode.swift; path = MainTableViewCell.swift; sourceTree = "<group>"; };
		9270A26A28A34393009A45CD /* Protocol.swift */ = {isa = PBXFileReference; lastKnownFileType = sourcecode.swift; path = Protocol.swift; sourceTree = "<group>"; };
		9270A26D28A343E4009A45CD /* TMDBAPIManager.swift */ = {isa = PBXFileReference; lastKnownFileType = sourcecode.swift; path = TMDBAPIManager.swift; sourceTree = "<group>"; };
		9270A27128A493A7009A45CD /* MapViewController.swift */ = {isa = PBXFileReference; lastKnownFileType = sourcecode.swift; path = MapViewController.swift; sourceTree = "<group>"; };
/* End PBXFileReference section */

/* Begin PBXFrameworksBuildPhase section */
		9258C4E328A090030089A229 /* Frameworks */ = {
			isa = PBXFrameworksBuildPhase;
			buildActionMask = 2147483647;
			files = (
				9258C50528A090330089A229 /* SwiftyJSON in Frameworks */,
				9258C50228A090270089A229 /* Kingfisher in Frameworks */,
				9258C4FF28A0901A0089A229 /* Alamofire in Frameworks */,
			);
			runOnlyForDeploymentPostprocessing = 0;
		};
/* End PBXFrameworksBuildPhase section */

/* Begin PBXGroup section */
		9258C4DD28A090030089A229 = {
			isa = PBXGroup;
			children = (
				9258C50628A090E20089A229 /* .gitignore.md */,
				9258C4E828A090030089A229 /* SeSACWeek6 */,
				9258C4E728A090030089A229 /* Products */,
			);
			sourceTree = "<group>";
		};
		9258C4E728A090030089A229 /* Products */ = {
			isa = PBXGroup;
			children = (
				9258C4E628A090030089A229 /* SeSACWeek6.app */,
			);
			name = Products;
			sourceTree = "<group>";
		};
		9258C4E828A090030089A229 /* SeSACWeek6 */ = {
			isa = PBXGroup;
			children = (
				9270A26C28A343A6009A45CD /* Protocol */,
				9258C51228A1DFE20089A229 /* View */,
				9258C50928A094920089A229 /* Network */,
				9258C4E928A090030089A229 /* AppDelegate.swift */,
				9258C4EB28A090030089A229 /* SceneDelegate.swift */,
				9258C4ED28A090030089A229 /* ViewController.swift */,
				9258C4EF28A090030089A229 /* Main.storyboard */,
				9258C51D28A1F64E0089A229 /* MainViewController.swift */,
				9258C4F228A090040089A229 /* Assets.xcassets */,
				9258C4F428A090040089A229 /* LaunchScreen.storyboard */,
				9258C4F728A090040089A229 /* Info.plist */,
				9258C50728A091180089A229 /* APIKey.swift */,
				9258C51028A0AC8E0089A229 /* ClosureViewController.swift */,
				9270A27128A493A7009A45CD /* MapViewController.swift */,
			);
			path = SeSACWeek6;
			sourceTree = "<group>";
		};
		9258C50928A094920089A229 /* Network */ = {
			isa = PBXGroup;
			children = (
				9258C50A28A094A50089A229 /* Endpoint.swift */,
				9258C50C28A095110089A229 /* URL+Extension.swift */,
				9258C50E28A0A7CD0089A229 /* KakaoAPIManager.swift */,
				9270A26D28A343E4009A45CD /* TMDBAPIManager.swift */,
			);
			path = Network;
			sourceTree = "<group>";
		};
		9258C51228A1DFE20089A229 /* View */ = {
			isa = PBXGroup;
			children = (
				9258C51328A1E0360089A229 /* CustomButton.swift */,
				9258C51528A1E6030089A229 /* CustomView.xib */,
				9258C51728A1E6430089A229 /* CustomView.swift */,
				9258C51928A1F39C0089A229 /* CustomCollectionViewCell.swift */,
				9258C51A28A1F39C0089A229 /* CustomCollectionViewCell.xib */,
				9258C51F28A1FC2B0089A229 /* MainTableViewCell.swift */,
			);
			path = View;
			sourceTree = "<group>";
		};
		9270A26C28A343A6009A45CD /* Protocol */ = {
			isa = PBXGroup;
			children = (
				9270A26A28A34393009A45CD /* Protocol.swift */,
			);
			path = Protocol;
			sourceTree = "<group>";
		};
/* End PBXGroup section */

/* Begin PBXNativeTarget section */
		9258C4E528A090030089A229 /* SeSACWeek6 */ = {
			isa = PBXNativeTarget;
			buildConfigurationList = 9258C4FA28A090040089A229 /* Build configuration list for PBXNativeTarget "SeSACWeek6" */;
			buildPhases = (
				9258C4E228A090030089A229 /* Sources */,
				9258C4E328A090030089A229 /* Frameworks */,
				9258C4E428A090030089A229 /* Resources */,
			);
			buildRules = (
			);
			dependencies = (
			);
			name = SeSACWeek6;
			packageProductDependencies = (
				9258C4FE28A0901A0089A229 /* Alamofire */,
				9258C50128A090270089A229 /* Kingfisher */,
				9258C50428A090330089A229 /* SwiftyJSON */,
			);
			productName = SeSACWeek6;
			productReference = 9258C4E628A090030089A229 /* SeSACWeek6.app */;
			productType = "com.apple.product-type.application";
		};
/* End PBXNativeTarget section */

/* Begin PBXProject section */
		9258C4DE28A090030089A229 /* Project object */ = {
			isa = PBXProject;
			attributes = {
				BuildIndependentTargetsInParallel = 1;
				LastSwiftUpdateCheck = 1340;
				LastUpgradeCheck = 1340;
				TargetAttributes = {
					9258C4E528A090030089A229 = {
						CreatedOnToolsVersion = 13.4.1;
					};
				};
			};
			buildConfigurationList = 9258C4E128A090030089A229 /* Build configuration list for PBXProject "SeSACWeek6" */;
			compatibilityVersion = "Xcode 13.0";
			developmentRegion = en;
			hasScannedForEncodings = 0;
			knownRegions = (
				en,
				Base,
			);
			mainGroup = 9258C4DD28A090030089A229;
			packageReferences = (
				9258C4FD28A0901A0089A229 /* XCRemoteSwiftPackageReference "Alamofire" */,
				9258C50028A090270089A229 /* XCRemoteSwiftPackageReference "Kingfisher" */,
				9258C50328A090330089A229 /* XCRemoteSwiftPackageReference "SwiftyJSON" */,
			);
			productRefGroup = 9258C4E728A090030089A229 /* Products */;
			projectDirPath = "";
			projectRoot = "";
			targets = (
				9258C4E528A090030089A229 /* SeSACWeek6 */,
			);
		};
/* End PBXProject section */

/* Begin PBXResourcesBuildPhase section */
		9258C4E428A090030089A229 /* Resources */ = {
			isa = PBXResourcesBuildPhase;
			buildActionMask = 2147483647;
			files = (
				9258C4F628A090040089A229 /* LaunchScreen.storyboard in Resources */,
				9258C51628A1E6030089A229 /* CustomView.xib in Resources */,
				9258C4F328A090040089A229 /* Assets.xcassets in Resources */,
				9258C51C28A1F39C0089A229 /* CustomCollectionViewCell.xib in Resources */,
				9258C4F128A090030089A229 /* Main.storyboard in Resources */,
			);
			runOnlyForDeploymentPostprocessing = 0;
		};
/* End PBXResourcesBuildPhase section */

/* Begin PBXSourcesBuildPhase section */
		9258C4E228A090030089A229 /* Sources */ = {
			isa = PBXSourcesBuildPhase;
			buildActionMask = 2147483647;
			files = (
				9258C52028A1FC2B0089A229 /* MainTableViewCell.swift in Sources */,
				9258C4EE28A090030089A229 /* ViewController.swift in Sources */,
				9258C4EA28A090030089A229 /* AppDelegate.swift in Sources */,
				9270A26B28A34393009A45CD /* Protocol.swift in Sources */,
				9258C51428A1E0360089A229 /* CustomButton.swift in Sources */,
				9258C51E28A1F64E0089A229 /* MainViewController.swift in Sources */,
				9258C51128A0AC8E0089A229 /* ClosureViewController.swift in Sources */,
				9258C50828A091180089A229 /* APIKey.swift in Sources */,
				9258C51828A1E6430089A229 /* CustomView.swift in Sources */,
				9258C4EC28A090030089A229 /* SceneDelegate.swift in Sources */,
				9258C50F28A0A7CD0089A229 /* KakaoAPIManager.swift in Sources */,
				9258C50B28A094A50089A229 /* Endpoint.swift in Sources */,
				9258C50D28A095110089A229 /* URL+Extension.swift in Sources */,
				9270A26E28A343E4009A45CD /* TMDBAPIManager.swift in Sources */,
				9258C51B28A1F39C0089A229 /* CustomCollectionViewCell.swift in Sources */,
				9270A27228A493A7009A45CD /* MapViewController.swift in Sources */,
			);
			runOnlyForDeploymentPostprocessing = 0;
		};
/* End PBXSourcesBuildPhase section */

/* Begin PBXVariantGroup section */
		9258C4EF28A090030089A229 /* Main.storyboard */ = {
			isa = PBXVariantGroup;
			children = (
				9258C4F028A090030089A229 /* Base */,
			);
			name = Main.storyboard;
			sourceTree = "<group>";
		};
		9258C4F428A090040089A229 /* LaunchScreen.storyboard */ = {
			isa = PBXVariantGroup;
			children = (
				9258C4F528A090040089A229 /* Base */,
			);
			name = LaunchScreen.storyboard;
			sourceTree = "<group>";
		};
/* End PBXVariantGroup section */

/* Begin XCBuildConfiguration section */
		9258C4F828A090040089A229 /* Debug */ = {
			isa = XCBuildConfiguration;
			buildSettings = {
				ALWAYS_SEARCH_USER_PATHS = NO;
				CLANG_ANALYZER_NONNULL = YES;
				CLANG_ANALYZER_NUMBER_OBJECT_CONVERSION = YES_AGGRESSIVE;
				CLANG_CXX_LANGUAGE_STANDARD = "gnu++17";
				CLANG_ENABLE_MODULES = YES;
				CLANG_ENABLE_OBJC_ARC = YES;
				CLANG_ENABLE_OBJC_WEAK = YES;
				CLANG_WARN_BLOCK_CAPTURE_AUTORELEASING = YES;
				CLANG_WARN_BOOL_CONVERSION = YES;
				CLANG_WARN_COMMA = YES;
				CLANG_WARN_CONSTANT_CONVERSION = YES;
				CLANG_WARN_DEPRECATED_OBJC_IMPLEMENTATIONS = YES;
				CLANG_WARN_DIRECT_OBJC_ISA_USAGE = YES_ERROR;
				CLANG_WARN_DOCUMENTATION_COMMENTS = YES;
				CLANG_WARN_EMPTY_BODY = YES;
				CLANG_WARN_ENUM_CONVERSION = YES;
				CLANG_WARN_INFINITE_RECURSION = YES;
				CLANG_WARN_INT_CONVERSION = YES;
				CLANG_WARN_NON_LITERAL_NULL_CONVERSION = YES;
				CLANG_WARN_OBJC_IMPLICIT_RETAIN_SELF = YES;
				CLANG_WARN_OBJC_LITERAL_CONVERSION = YES;
				CLANG_WARN_OBJC_ROOT_CLASS = YES_ERROR;
				CLANG_WARN_QUOTED_INCLUDE_IN_FRAMEWORK_HEADER = YES;
				CLANG_WARN_RANGE_LOOP_ANALYSIS = YES;
				CLANG_WARN_STRICT_PROTOTYPES = YES;
				CLANG_WARN_SUSPICIOUS_MOVE = YES;
				CLANG_WARN_UNGUARDED_AVAILABILITY = YES_AGGRESSIVE;
				CLANG_WARN_UNREACHABLE_CODE = YES;
				CLANG_WARN__DUPLICATE_METHOD_MATCH = YES;
				COPY_PHASE_STRIP = NO;
				DEBUG_INFORMATION_FORMAT = dwarf;
				ENABLE_STRICT_OBJC_MSGSEND = YES;
				ENABLE_TESTABILITY = YES;
				GCC_C_LANGUAGE_STANDARD = gnu11;
				GCC_DYNAMIC_NO_PIC = NO;
				GCC_NO_COMMON_BLOCKS = YES;
				GCC_OPTIMIZATION_LEVEL = 0;
				GCC_PREPROCESSOR_DEFINITIONS = (
					"DEBUG=1",
					"$(inherited)",
				);
				GCC_WARN_64_TO_32_BIT_CONVERSION = YES;
				GCC_WARN_ABOUT_RETURN_TYPE = YES_ERROR;
				GCC_WARN_UNDECLARED_SELECTOR = YES;
				GCC_WARN_UNINITIALIZED_AUTOS = YES_AGGRESSIVE;
				GCC_WARN_UNUSED_FUNCTION = YES;
				GCC_WARN_UNUSED_VARIABLE = YES;
				IPHONEOS_DEPLOYMENT_TARGET = 15.5;
				MTL_ENABLE_DEBUG_INFO = INCLUDE_SOURCE;
				MTL_FAST_MATH = YES;
				ONLY_ACTIVE_ARCH = YES;
				SDKROOT = iphoneos;
				SWIFT_ACTIVE_COMPILATION_CONDITIONS = DEBUG;
				SWIFT_OPTIMIZATION_LEVEL = "-Onone";
			};
			name = Debug;
		};
		9258C4F928A090040089A229 /* Release */ = {
			isa = XCBuildConfiguration;
			buildSettings = {
				ALWAYS_SEARCH_USER_PATHS = NO;
				CLANG_ANALYZER_NONNULL = YES;
				CLANG_ANALYZER_NUMBER_OBJECT_CONVERSION = YES_AGGRESSIVE;
				CLANG_CXX_LANGUAGE_STANDARD = "gnu++17";
				CLANG_ENABLE_MODULES = YES;
				CLANG_ENABLE_OBJC_ARC = YES;
				CLANG_ENABLE_OBJC_WEAK = YES;
				CLANG_WARN_BLOCK_CAPTURE_AUTORELEASING = YES;
				CLANG_WARN_BOOL_CONVERSION = YES;
				CLANG_WARN_COMMA = YES;
				CLANG_WARN_CONSTANT_CONVERSION = YES;
				CLANG_WARN_DEPRECATED_OBJC_IMPLEMENTATIONS = YES;
				CLANG_WARN_DIRECT_OBJC_ISA_USAGE = YES_ERROR;
				CLANG_WARN_DOCUMENTATION_COMMENTS = YES;
				CLANG_WARN_EMPTY_BODY = YES;
				CLANG_WARN_ENUM_CONVERSION = YES;
				CLANG_WARN_INFINITE_RECURSION = YES;
				CLANG_WARN_INT_CONVERSION = YES;
				CLANG_WARN_NON_LITERAL_NULL_CONVERSION = YES;
				CLANG_WARN_OBJC_IMPLICIT_RETAIN_SELF = YES;
				CLANG_WARN_OBJC_LITERAL_CONVERSION = YES;
				CLANG_WARN_OBJC_ROOT_CLASS = YES_ERROR;
				CLANG_WARN_QUOTED_INCLUDE_IN_FRAMEWORK_HEADER = YES;
				CLANG_WARN_RANGE_LOOP_ANALYSIS = YES;
				CLANG_WARN_STRICT_PROTOTYPES = YES;
				CLANG_WARN_SUSPICIOUS_MOVE = YES;
				CLANG_WARN_UNGUARDED_AVAILABILITY = YES_AGGRESSIVE;
				CLANG_WARN_UNREACHABLE_CODE = YES;
				CLANG_WARN__DUPLICATE_METHOD_MATCH = YES;
				COPY_PHASE_STRIP = NO;
				DEBUG_INFORMATION_FORMAT = "dwarf-with-dsym";
				ENABLE_NS_ASSERTIONS = NO;
				ENABLE_STRICT_OBJC_MSGSEND = YES;
				GCC_C_LANGUAGE_STANDARD = gnu11;
				GCC_NO_COMMON_BLOCKS = YES;
				GCC_WARN_64_TO_32_BIT_CONVERSION = YES;
				GCC_WARN_ABOUT_RETURN_TYPE = YES_ERROR;
				GCC_WARN_UNDECLARED_SELECTOR = YES;
				GCC_WARN_UNINITIALIZED_AUTOS = YES_AGGRESSIVE;
				GCC_WARN_UNUSED_FUNCTION = YES;
				GCC_WARN_UNUSED_VARIABLE = YES;
				IPHONEOS_DEPLOYMENT_TARGET = 15.5;
				MTL_ENABLE_DEBUG_INFO = NO;
				MTL_FAST_MATH = YES;
				SDKROOT = iphoneos;
				SWIFT_COMPILATION_MODE = wholemodule;
				SWIFT_OPTIMIZATION_LEVEL = "-O";
				VALIDATE_PRODUCT = YES;
			};
			name = Release;
		};
		9258C4FB28A090040089A229 /* Debug */ = {
			isa = XCBuildConfiguration;
			buildSettings = {
				ASSETCATALOG_COMPILER_APPICON_NAME = AppIcon;
				ASSETCATALOG_COMPILER_GLOBAL_ACCENT_COLOR_NAME = AccentColor;
				CODE_SIGN_STYLE = Automatic;
				CURRENT_PROJECT_VERSION = 1;
				DEVELOPMENT_TEAM = 3S825CN62V;
				GENERATE_INFOPLIST_FILE = YES;
				INFOPLIST_FILE = SeSACWeek6/Info.plist;
				INFOPLIST_KEY_UIApplicationSupportsIndirectInputEvents = YES;
				INFOPLIST_KEY_UILaunchStoryboardName = LaunchScreen;
				INFOPLIST_KEY_UIMainStoryboardFile = Main;
				INFOPLIST_KEY_UISupportedInterfaceOrientations_iPad = "UIInterfaceOrientationPortrait UIInterfaceOrientationPortraitUpsideDown UIInterfaceOrientationLandscapeLeft UIInterfaceOrientationLandscapeRight";
				INFOPLIST_KEY_UISupportedInterfaceOrientations_iPhone = "UIInterfaceOrientationPortrait UIInterfaceOrientationLandscapeLeft UIInterfaceOrientationLandscapeRight";
				LD_RUNPATH_SEARCH_PATHS = (
					"$(inherited)",
					"@executable_path/Frameworks",
				);
				MARKETING_VERSION = 1.0;
				PRODUCT_BUNDLE_IDENTIFIER = com.kidult.SeSACWeek6;
				PRODUCT_NAME = "$(TARGET_NAME)";
				SWIFT_EMIT_LOC_STRINGS = YES;
				SWIFT_VERSION = 5.0;
				TARGETED_DEVICE_FAMILY = 1;
			};
			name = Debug;
		};
		9258C4FC28A090040089A229 /* Release */ = {
			isa = XCBuildConfiguration;
			buildSettings = {
				ASSETCATALOG_COMPILER_APPICON_NAME = AppIcon;
				ASSETCATALOG_COMPILER_GLOBAL_ACCENT_COLOR_NAME = AccentColor;
				CODE_SIGN_STYLE = Automatic;
				CURRENT_PROJECT_VERSION = 1;
				DEVELOPMENT_TEAM = 3S825CN62V;
				GENERATE_INFOPLIST_FILE = YES;
				INFOPLIST_FILE = SeSACWeek6/Info.plist;
				INFOPLIST_KEY_UIApplicationSupportsIndirectInputEvents = YES;
				INFOPLIST_KEY_UILaunchStoryboardName = LaunchScreen;
				INFOPLIST_KEY_UIMainStoryboardFile = Main;
				INFOPLIST_KEY_UISupportedInterfaceOrientations_iPad = "UIInterfaceOrientationPortrait UIInterfaceOrientationPortraitUpsideDown UIInterfaceOrientationLandscapeLeft UIInterfaceOrientationLandscapeRight";
				INFOPLIST_KEY_UISupportedInterfaceOrientations_iPhone = "UIInterfaceOrientationPortrait UIInterfaceOrientationLandscapeLeft UIInterfaceOrientationLandscapeRight";
				LD_RUNPATH_SEARCH_PATHS = (
					"$(inherited)",
					"@executable_path/Frameworks",
				);
				MARKETING_VERSION = 1.0;
				PRODUCT_BUNDLE_IDENTIFIER = com.kidult.SeSACWeek6;
				PRODUCT_NAME = "$(TARGET_NAME)";
				SWIFT_EMIT_LOC_STRINGS = YES;
				SWIFT_VERSION = 5.0;
				TARGETED_DEVICE_FAMILY = 1;
			};
			name = Release;
		};
/* End XCBuildConfiguration section */

/* Begin XCConfigurationList section */
		9258C4E128A090030089A229 /* Build configuration list for PBXProject "SeSACWeek6" */ = {
			isa = XCConfigurationList;
			buildConfigurations = (
				9258C4F828A090040089A229 /* Debug */,
				9258C4F928A090040089A229 /* Release */,
			);
			defaultConfigurationIsVisible = 0;
			defaultConfigurationName = Release;
		};
		9258C4FA28A090040089A229 /* Build configuration list for PBXNativeTarget "SeSACWeek6" */ = {
			isa = XCConfigurationList;
			buildConfigurations = (
				9258C4FB28A090040089A229 /* Debug */,
				9258C4FC28A090040089A229 /* Release */,
			);
			defaultConfigurationIsVisible = 0;
			defaultConfigurationName = Release;
		};
/* End XCConfigurationList section */

/* Begin XCRemoteSwiftPackageReference section */
		9258C4FD28A0901A0089A229 /* XCRemoteSwiftPackageReference "Alamofire" */ = {
			isa = XCRemoteSwiftPackageReference;
			repositoryURL = "https://github.com/Alamofire/Alamofire.git";
			requirement = {
				kind = upToNextMajorVersion;
				minimumVersion = 5.0.0;
			};
		};
		9258C50028A090270089A229 /* XCRemoteSwiftPackageReference "Kingfisher" */ = {
			isa = XCRemoteSwiftPackageReference;
			repositoryURL = "https://github.com/onevcat/Kingfisher.git";
			requirement = {
				kind = upToNextMajorVersion;
				minimumVersion = 7.0.0;
			};
		};
		9258C50328A090330089A229 /* XCRemoteSwiftPackageReference "SwiftyJSON" */ = {
			isa = XCRemoteSwiftPackageReference;
			repositoryURL = "https://github.com/SwiftyJSON/SwiftyJSON.git";
			requirement = {
				kind = upToNextMajorVersion;
				minimumVersion = 5.0.0;
			};
		};
/* End XCRemoteSwiftPackageReference section */

/* Begin XCSwiftPackageProductDependency section */
		9258C4FE28A0901A0089A229 /* Alamofire */ = {
			isa = XCSwiftPackageProductDependency;
			package = 9258C4FD28A0901A0089A229 /* XCRemoteSwiftPackageReference "Alamofire" */;
			productName = Alamofire;
		};
		9258C50128A090270089A229 /* Kingfisher */ = {
			isa = XCSwiftPackageProductDependency;
			package = 9258C50028A090270089A229 /* XCRemoteSwiftPackageReference "Kingfisher" */;
			productName = Kingfisher;
		};
		9258C50428A090330089A229 /* SwiftyJSON */ = {
			isa = XCSwiftPackageProductDependency;
			package = 9258C50328A090330089A229 /* XCRemoteSwiftPackageReference "SwiftyJSON" */;
			productName = SwiftyJSON;
		};
/* End XCSwiftPackageProductDependency section */
	};
	rootObject = 9258C4DE28A090030089A229 /* Project object */;
}
